
Microsoft Visual Studio Solution File, Format Version 12.00
# Visual Studio Version 16
VisualStudioVersion = 16.0.33920.266
MinimumVisualStudioVersion = 10.0.40219.1
Project("{8BC9CEB8-8B4A-11D0-8D11-00A0C91BC942}") = "test-8-15", "test-8-15\test-8-15.vcxproj", "{61E14523-2F88-4633-97D4-62820DF71403}"
EndProject
Global
	GlobalSection(SolutionConfigurationPlatforms) = preSolution
		Debug|x64 = Debug|x64
		Debug|x86 = Debug|x86
		Release|x64 = Release|x64
		Release|x86 = Release|x86
	EndGlobalSection
	GlobalSection(ProjectConfigurationPlatforms) = postSolution
		{61E14523-2F88-4633-97D4-62820DF71403}.Debug|x64.ActiveCfg = Debug|x64
		{61E14523-2F88-4633-97D4-62820DF71403}.Debug|x64.Build.0 = Debug|x64
		{61E14523-2F88-4633-97D4-62820DF71403}.Debug|x86.ActiveCfg = Debug|Win32
		{61E14523-2F88-4633-97D4-62820DF71403}.Debug|x86.Build.0 = Debug|Win32
		{61E14523-2F88-4633-97D4-62820DF71403}.Release|x64.ActiveCfg = Release|x64
		{61E14523-2F88-4633-97D4-62820DF71403}.Release|x64.Build.0 = Release|x64
		{61E14523-2F88-4633-97D4-62820DF71403}.Release|x86.ActiveCfg = Release|Win32
		{61E14523-2F88-4633-97D4-62820DF71403}.Release|x86.Build.0 = Release|Win32
	EndGlobalSection
	GlobalSection(SolutionProperties) = preSolution
		HideSolutionNode = FALSE
	EndGlobalSection
	GlobalSection(ExtensibilityGlobals) = postSolution
		SolutionGuid = {2D904096-E854-47E6-B7CB-1224CAFABDBE}
	EndGlobalSection
EndGlobal
